
Microsoft Visual Studio Solution File, Format Version 12.00
# Visual Studio Version 17
VisualStudioVersion = 17.3.32901.215
MinimumVisualStudioVersion = 10.0.40219.1
Project("{FAE04EC0-301F-11D3-BF4B-00C04F79EFBC}") = "Trivia", "Trivia\Trivia.csproj", "{A76EE3F4-C966-47E5-8E39-41817E78A2D0}"
EndProject
Global
	GlobalSection(SolutionConfigurationPlatforms) = preSolution
		Debug|Any CPU = Debug|Any CPU
		Release|Any CPU = Release|Any CPU
	EndGlobalSection
	GlobalSection(ProjectConfigurationPlatforms) = postSolution
		{A76EE3F4-C966-47E5-8E39-41817E78A2D0}.Debug|Any CPU.ActiveCfg = Debug|Any CPU
		{A76EE3F4-C966-47E5-8E39-41817E78A2D0}.Debug|Any CPU.Build.0 = Debug|Any CPU
		{A76EE3F4-C966-47E5-8E39-41817E78A2D0}.Release|Any CPU.ActiveCfg = Release|Any CPU
		{A76EE3F4-C966-47E5-8E39-41817E78A2D0}.Release|Any CPU.Build.0 = Release|Any CPU
	EndGlobalSection
	GlobalSection(SolutionProperties) = preSolution
		HideSolutionNode = FALSE
	EndGlobalSection
	GlobalSection(ExtensibilityGlobals) = postSolution
		SolutionGuid = {C2095C2D-5870-4E66-801A-B52A812A9517}
	EndGlobalSection
EndGlobal
